# THIS IS AN AUTOGENERATED FILE. DO NOT EDIT THIS FILE DIRECTLY.
# yarn lockfile v1


"@emmetio/abbreviation@^0.6.0":
  version "0.6.6"
  resolved "https://registry.yarnpkg.com/@emmetio/abbreviation/-/abbreviation-0.6.6.tgz#03cd13983c22315d2b65fc66a99ad8c3fa44a8ce"
  integrity sha512-jsh1Hyc7iY+5tADcn6GlIF/kxEbglPW+JE/FcCb4NNYqDr2swXvEGWd+DN3porBA67VDfDZVAwThhvYTsHKrRw==
  dependencies:
    "@emmetio/node" "^0.1.2"
    "@emmetio/stream-reader" "^2.2.0"
    "@emmetio/stream-reader-utils" "^0.1.0"

"@emmetio/abbreviation@^0.7.0":
  version "0.7.0"
  resolved "https://registry.yarnpkg.com/@emmetio/abbreviation/-/abbreviation-0.7.0.tgz#f65b2024699378bfa042607027a236b240ddc009"
  integrity sha512-CjLWtUCyh2nRgG/TkBruPTNI03i+b2Bau9UP7g0zgWdeV6bBjNC8CxX106ZdMekK3I/RmTrWuzVV9b+7nwqKXA==
  dependencies:
    "@emmetio/node" "^0.1.2"
    "@emmetio/stream-reader" "^2.2.0"
    "@emmetio/stream-reader-utils" "^0.1.0"

"@emmetio/css-abbreviation@^0.4.0":
  version "0.4.0"
  resolved "https://registry.yarnpkg.com/@emmetio/css-abbreviation/-/css-abbreviation-0.4.0.tgz#5da9b313f3625e3d7539065c5ebeca83891e4dac"
  integrity sha512-8b4+ZoBElpNMedO+gGCiEX/xGv8Do0NYUvsdVNv6O0fuP9octnxyzjb7HFGqDJ7hFzVORAfzOhpjyL8y2dw9AQ==
  dependencies:
    "@emmetio/node" "^0.1.2"
    "@emmetio/stream-reader" "^2.2.0"
    "@emmetio/stream-reader-utils" "^0.1.0"

"@emmetio/css-snippets-resolver@^0.4.0":
  version "0.4.0"
  resolved "https://registry.yarnpkg.com/@emmetio/css-snippets-resolver/-/css-snippets-resolver-0.4.0.tgz#6477ead6d25d838e685fa5c84c25aafa576479dc"
  integrity sha512-H0eOed2KljA/nQ64j3BKwAkAFliku5LAD58o4pvS3A9tZ2g3ctEpJ+61po78SZE1+Q+gRA3CGtC6rxtk7QlGPA==

"@emmetio/field-parser@^0.3.0":
  version "0.3.1"
  resolved "https://registry.yarnpkg.com/@emmetio/field-parser/-/field-parser-0.3.1.tgz#00ff922b2ccc23929d825ad83a9e4fbd094fc0f9"
  integrity sha512-A26JuVvZRUBb/rNpaDdmBB2jaN3spx2JRLJQfkskz9CRbiSW9ZE/M7etKKMunV5UWUfSlygFaFUclT3y+UNDxw==
  dependencies:
    "@emmetio/stream-reader" "^2.2.0"
    "@emmetio/stream-reader-utils" "^0.1.0"

"@emmetio/html-snippets-resolver@^0.1.4":
  version "0.1.4"
  resolved "https://registry.yarnpkg.com/@emmetio/html-snippets-resolver/-/html-snippets-resolver-0.1.4.tgz#b33ad3fa78fd78d64b94bf88a9fb68b3ad8e8e7e"
  integrity sha1-szrT+nj9eNZLlL+Iqftos62Ojn4=
  dependencies:
    "@emmetio/abbreviation" "^0.6.0"

"@emmetio/html-transform@^0.3.10":
  version "0.3.10"
  resolved "https://registry.yarnpkg.com/@emmetio/html-transform/-/html-transform-0.3.10.tgz#f5edbeabe8712e393709298384d7f412fe0aaa7b"
  integrity sha512-GxKcFDCkHQAre4lBRr4hbyYfRhAtTqDrcnwDi2n97CX6bKhdfL9p7fZIobtNtjX+ZdCVs36x4vizpiChEYOArg==
  dependencies:
    "@emmetio/implicit-tag" "^1.0.0"

"@emmetio/implicit-tag@^1.0.0":
  version "1.0.0"
  resolved "https://registry.yarnpkg.com/@emmetio/implicit-tag/-/implicit-tag-1.0.0.tgz#f826d4e1fc51da39434c2326b6f6d0e2b2e7b419"
  integrity sha1-+CbU4fxR2jlDTCMmtvbQ4rLntBk=

"@emmetio/lorem@^1.0.2":
  version "1.0.2"
  resolved "https://registry.yarnpkg.com/@emmetio/lorem/-/lorem-1.0.2.tgz#8de6a5718f39172ea7d22532a5b0d3bbd10083dc"
  integrity sha1-jealcY85Fy6n0iUypbDTu9EAg9w=
  dependencies:
    "@emmetio/implicit-tag" "^1.0.0"

"@emmetio/markup-formatters@^0.4.1":
  version "0.4.1"
  resolved "https://registry.yarnpkg.com/@emmetio/markup-formatters/-/markup-formatters-0.4.1.tgz#49ac7e5ba5b75ff0ca4f75fc97b12b63ac7129cb"
  integrity sha512-RR+QPozAAL7pnFL5Nl3g5qXxUF2qw54oGl0njmBTZYYwf96LDJ2p6DfRhy8uCenRjMMgUijjQ31wtmDR4cobDA==
  dependencies:
    "@emmetio/field-parser" "^0.3.0"
    "@emmetio/output-renderer" "^0.1.2"

"@emmetio/node@^0.1.2":
  version "0.1.2"
  resolved "https://registry.yarnpkg.com/@emmetio/node/-/node-0.1.2.tgz#4231d538c45481a51835fc2aba3f5d9fc129634c"
  integrity sha1-QjHVOMRUgaUYNfwquj9dn8EpY0w=

"@emmetio/output-profile@^0.1.6":
  version "0.1.6"
  resolved "https://registry.yarnpkg.com/@emmetio/output-profile/-/output-profile-0.1.6.tgz#15de23135f4b57225d192cd6efd73d8ffc9dd380"
  integrity sha512-7bIwR3YHmTEnyy76X4l9e5+wXE+lah2E1AIoeDyKFIfVujztXNqcv+BmPcV4LRl1+V6Qir8hIex+F2nz7PTPCg==

"@emmetio/output-renderer@^0.1.1", "@emmetio/output-renderer@^0.1.2":
  version "0.1.2"
  resolved "https://registry.yarnpkg.com/@emmetio/output-renderer/-/output-renderer-0.1.2.tgz#0ece11acce9298507868aed21ab5253e1eb082f8"
  integrity sha1-Ds4RrM6SmFB4aK7SGrUlPh6wgvg=
  dependencies:
    "@emmetio/field-parser" "^0.3.0"

"@emmetio/snippets-registry@^0.3.1":
  version "0.3.1"
  resolved "https://registry.yarnpkg.com/@emmetio/snippets-registry/-/snippets-registry-0.3.1.tgz#ec0e8a122fe9683659ce69a22396f4136b940d20"
  integrity sha1-7A6KEi/paDZZzmmiI5b0E2uUDSA=

"@emmetio/snippets@^0.2.12":
  version "0.2.12"
  resolved "https://registry.yarnpkg.com/@emmetio/snippets/-/snippets-0.2.12.tgz#607a98c9d628f570a0f35961622f6b1f4d381b72"
  integrity sha512-xgjkyLZ4Ez8kN2qGNY59MadoIlStIohn80/FUSk+/DyNp/0SVpAe+/uQ5qJ4Mo4DDzfnkEkfCBMO/yq4SKoB0w==

"@emmetio/stream-reader-utils@^0.1.0":
  version "0.1.0"
  resolved "https://registry.yarnpkg.com/@emmetio/stream-reader-utils/-/stream-reader-utils-0.1.0.tgz#244cb02c77ec2e74f78a9bd318218abc9c500a61"
  integrity sha1-JEywLHfsLnT3ipvTGCGKvJxQCmE=

"@emmetio/stream-reader@^2.2.0":
  version "2.2.0"
  resolved "https://registry.yarnpkg.com/@emmetio/stream-reader/-/stream-reader-2.2.0.tgz#46cffea119a0a003312a21c2d9b5628cb5fcd442"
  integrity sha1-Rs/+oRmgoAMxKiHC2bVijLX81EI=

"@emmetio/stylesheet-formatters@^0.2.1":
  version "0.2.1"
  resolved "https://registry.yarnpkg.com/@emmetio/stylesheet-formatters/-/stylesheet-formatters-0.2.1.tgz#d27be6664a6e18b395eca07f6157aa65800b267f"
  integrity sha512-1XHNVx6S3ra7dnv12CNT6Gq15VyT2Fkrhgp2yCj4g2jJJflVHU6t++VfjoK6w36hGYu0AqZL9TCa/8hLj2YjQw==
  dependencies:
    "@emmetio/field-parser" "^0.3.0"
    "@emmetio/output-renderer" "^0.1.1"

"@emmetio/variable-resolver@^0.2.1":
  version "0.2.1"
  resolved "https://registry.yarnpkg.com/@emmetio/variable-resolver/-/variable-resolver-0.2.1.tgz#ce11b51584669a340986690cf0ec269e44c63fba"
  integrity sha1-zhG1FYRmmjQJhmkM8OwmnkTGP7o=

"@types/node-fetch@^2.5.8":
  version "2.5.8"
  resolved "https://registry.yarnpkg.com/@types/node-fetch/-/node-fetch-2.5.8.tgz#e199c835d234c7eb0846f6618012e558544ee2fb"
  integrity sha512-fbjI6ja0N5ZA8TV53RUqzsKNkl9fv8Oj3T7zxW7FGv1GSH7gwJaNF8dzCjrqKaxKeUpTz4yT1DaJFq/omNpGfw==
  dependencies:
    "@types/node" "*"
    form-data "^3.0.0"

"@types/node@*":
  version "14.14.34"
  resolved "https://registry.yarnpkg.com/@types/node/-/node-14.14.34.tgz#07935194fc049069a1c56c0c274265abeddf88da"
  integrity sha512-dBPaxocOK6UVyvhbnpFIj2W+S+1cBTkHQbFQfeeJhoKFbzYcVUGHvddeWPSucKATb3F0+pgDq0i6ghEaZjsugA==

asynckit@^0.4.0:
  version "0.4.0"
  resolved "https://registry.yarnpkg.com/asynckit/-/asynckit-0.4.0.tgz#c79ed97f7f34cb8f2ba1bc9790bcc366474b4b79"
  integrity sha1-x57Zf380y48robyXkLzDZkdLS3k=

combined-stream@^1.0.8:
  version "1.0.8"
  resolved "https://registry.yarnpkg.com/combined-stream/-/combined-stream-1.0.8.tgz#c3d45a8b34fd730631a110a8a2520682b31d5a7f"
  integrity sha512-FQN4MRfuJeHf7cBbBMJFXhKSDq+2kAArBlmRBvcvFE5BB1HZKXtSFASDhdlz9zOYwxh8lDdnvmMOe/+5cdoEdg==
  dependencies:
    delayed-stream "~1.0.0"

delayed-stream@~1.0.0:
  version "1.0.0"
  resolved "https://registry.yarnpkg.com/delayed-stream/-/delayed-stream-1.0.0.tgz#df3ae199acadfb7d440aaae0b29e2272b24ec619"
  integrity sha1-3zrhmayt+31ECqrgsp4icrJOxhk=

emmet-monaco-es@^4.6.2:
  version "4.6.2"
  resolved "https://registry.yarnpkg.com/emmet-monaco-es/-/emmet-monaco-es-4.6.2.tgz#f5d706942f1e25fb779d3825924553b23ff374d7"
  integrity sha512-K27XGsfCgJWc0AkgE8gp4aIlNCxdiFblzZEKlMYdmfUZsdKXkX5ghIfDCkYyXYM4zhAtqnz4vHDg8TF81h0fPw==
  dependencies:
    "@emmetio/abbreviation" "^0.7.0"
    "@emmetio/css-abbreviation" "^0.4.0"
    "@emmetio/css-snippets-resolver" "^0.4.0"
    "@emmetio/html-snippets-resolver" "^0.1.4"
    "@emmetio/html-transform" "^0.3.10"
    "@emmetio/lorem" "^1.0.2"
    "@emmetio/markup-formatters" "^0.4.1"
    "@emmetio/output-profile" "^0.1.6"
    "@emmetio/snippets" "^0.2.12"
    "@emmetio/snippets-registry" "^0.3.1"
    "@emmetio/stylesheet-formatters" "^0.2.1"
    "@emmetio/variable-resolver" "^0.2.1"

form-data@^3.0.0:
  version "3.0.1"
  resolved "https://registry.yarnpkg.com/form-data/-/form-data-3.0.1.tgz#ebd53791b78356a99af9a300d4282c4d5eb9755f"
  integrity sha512-RHkBKtLWUVwd7SqRIvCZMEvAMoGUp0XU+seQiZejj0COz3RI3hWP4sCv3gZWWLjJTd7rGwcsF5eKZGii0r/hbg==
  dependencies:
    asynckit "^0.4.0"
    combined-stream "^1.0.8"
    mime-types "^2.1.12"

fs-extra@^7.0.1:
  version "7.0.1"
  resolved "https://registry.yarnpkg.com/fs-extra/-/fs-extra-7.0.1.tgz#4f189c44aa123b895f722804f55ea23eadc348e9"
  integrity sha512-YJDaCJZEnBmcbw13fvdAM9AwNOJwOzrE4pqMqBq5nFiEqXUqHwlK4B+3pUw6JNvfSPtX05xFHtYy/1ni01eGCw==
  dependencies:
    graceful-fs "^4.1.2"
    jsonfile "^4.0.0"
    universalify "^0.1.0"

graceful-fs@^4.1.2, graceful-fs@^4.1.6:
  version "4.2.6"
  resolved "https://registry.yarnpkg.com/graceful-fs/-/graceful-fs-4.2.6.tgz#ff040b2b0853b23c3d31027523706f1885d76bee"
  integrity sha512-nTnJ528pbqxYanhpDYsi4Rd8MAeaBA67+RZ10CM1m3bTAVFEDcd5AuA4a6W5YkGZ1iNXHzZz8T6TBKLeBuNriQ==

jsonfile@^4.0.0:
  version "4.0.0"
  resolved "https://registry.yarnpkg.com/jsonfile/-/jsonfile-4.0.0.tgz#8771aae0799b64076b76640fca058f9c10e33ecb"
  integrity sha1-h3Gq4HmbZAdrdmQPygWPnBDjPss=
  optionalDependencies:
    graceful-fs "^4.1.6"

mime-db@1.46.0:
  version "1.46.0"
  resolved "https://registry.yarnpkg.com/mime-db/-/mime-db-1.46.0.tgz#6267748a7f799594de3cbc8cde91def349661cee"
  integrity sha512-svXaP8UQRZ5K7or+ZmfNhg2xX3yKDMUzqadsSqi4NCH/KomcH75MAMYAGVlvXn4+b/xOPhS3I2uHKRUzvjY7BQ==

mime-types@^2.1.12:
  version "2.1.29"
  resolved "https://registry.yarnpkg.com/mime-types/-/mime-types-2.1.29.tgz#1d4ab77da64b91f5f72489df29236563754bb1b2"
  integrity sha512-Y/jMt/S5sR9OaqteJtslsFZKWOIIqMACsJSiHghlCAyhf7jfVYjKBmLiX8OgpWeW+fjJ2b+Az69aPFPkUOY6xQ==
  dependencies:
    mime-db "1.46.0"

monaco-editor@^0.16.2:
  version "0.16.2"
  resolved "https://registry.yarnpkg.com/monaco-editor/-/monaco-editor-0.16.2.tgz#950084ed82eeaef1c8c9d3c1bcab849fe11b2415"
  integrity sha512-NtGrFzf54jADe7qsWh3lazhS7Kj0XHkJUGBq9fA/Jbwc+sgVcyfsYF6z2AQ7hPqDC+JmdOt/OwFjBnRwqXtx6w==

monaco-vscode-textmate-theme-converter@^0.1.1:
  version "0.1.1"
  resolved "https://registry.yarnpkg.com/monaco-vscode-textmate-theme-converter/-/monaco-vscode-textmate-theme-converter-0.1.1.tgz#1c031447eef2ecd141bdebab866cede651882202"
  integrity sha512-S60iZ32YHUbCmvHJQG+zKp/iuJORaQkdDwAiuJjvem/QQAuNxumx2fk1Q53jQyxkDE6SvusbKzVKTl0hrTUcmQ==
  dependencies:
    fs-extra "^7.0.1"
    monaco-editor "^0.16.2"

node-fetch@^2.6.1:
  version "2.6.1"
  resolved "https://registry.yarnpkg.com/node-fetch/-/node-fetch-2.6.1.tgz#045bd323631f76ed2e2b55573394416b639a0052"
  integrity sha512-V4aYg89jEoVRxRb2fJdAg8FHvI7cEyYdVAh94HH0UIK8oJxUfkjlDQN9RbMx+bEjP7+ggMiFRprSti032Oipxw==

universalify@^0.1.0:
  version "0.1.2"
  resolved "https://registry.yarnpkg.com/universalify/-/universalify-0.1.2.tgz#b646f69be3942dabcecc9d6639c80dc105efaa66"
  integrity sha512-rBJeI5CXAlmy1pV+617WB9J63U6XcazHHF2f2dbJix4XzpUF0RS3Zbj0FGIOCAva5P/d/GBOYaACQ1w+0azUkg==
